// !$*UTF8*$!
{
	archiveVersion = 1;
	classes = {
	};
	objectVersion = 56;
	objects = {

/* Begin PBXBuildFile section */
		C313BED92C3051CA00D83A51 /* CountryApp.swift in Sources */ = {isa = PBXBuildFile; fileRef = C313BED82C3051CA00D83A51 /* CountryApp.swift */; };
		C313BEDB2C3051CA00D83A51 /* CountryView.swift in Sources */ = {isa = PBXBuildFile; fileRef = C313BEDA2C3051CA00D83A51 /* CountryView.swift */; };
		C313BEDD2C3051CC00D83A51 /* Assets.xcassets in Resources */ = {isa = PBXBuildFile; fileRef = C313BEDC2C3051CC00D83A51 /* Assets.xcassets */; };
		C313BEE02C3051CC00D83A51 /* Preview Assets.xcassets in Resources */ = {isa = PBXBuildFile; fileRef = C313BEDF2C3051CC00D83A51 /* Preview Assets.xcassets */; };
		C313BEEB2C3053D400D83A51 /* CountryViewStructs.swift in Sources */ = {isa = PBXBuildFile; fileRef = C313BEEA2C3053D400D83A51 /* CountryViewStructs.swift */; };
		C313BEEF2C305B5800D83A51 /* CountryDetailDataStructs.swift in Sources */ = {isa = PBXBuildFile; fileRef = C313BEEE2C305B5800D83A51 /* CountryDetailDataStructs.swift */; };
		C313BEF12C30603B00D83A51 /* CountryObservable.swift in Sources */ = {isa = PBXBuildFile; fileRef = C313BEF02C30603B00D83A51 /* CountryObservable.swift */; };
		C313BEF32C30617400D83A51 /* ColorInfo.swift in Sources */ = {isa = PBXBuildFile; fileRef = C313BEF22C30617400D83A51 /* ColorInfo.swift */; };
		C313BEF62C30632D00D83A51 /* SDWebImageSwiftUI in Frameworks */ = {isa = PBXBuildFile; productRef = C313BEF52C30632D00D83A51 /* SDWebImageSwiftUI */; };
		C313BF002C306AD900D83A51 /* WebInformation.swift in Sources */ = {isa = PBXBuildFile; fileRef = C313BEFE2C306AA400D83A51 /* WebInformation.swift */; };
		C31832442C306D8C0037F172 /* DeviceExtensions.swift in Sources */ = {isa = PBXBuildFile; fileRef = C31832432C306D8C0037F172 /* DeviceExtensions.swift */; };
		C31832482C3083E50037F172 /* CountryDetail.swift in Sources */ = {isa = PBXBuildFile; fileRef = C31832472C3083E50037F172 /* CountryDetail.swift */; };
		C318324A2C3098440037F172 /* CountryDetailSectionsData.swift in Sources */ = {isa = PBXBuildFile; fileRef = C31832492C3098440037F172 /* CountryDetailSectionsData.swift */; };
		C318324C2C30A5330037F172 /* NumbersExtensions.swift in Sources */ = {isa = PBXBuildFile; fileRef = C318324B2C30A5330037F172 /* NumbersExtensions.swift */; };
/* End PBXBuildFile section */

/* Begin PBXFileReference section */
		C313BED52C3051CA00D83A51 /* Country.app */ = {isa = PBXFileReference; explicitFileType = wrapper.application; includeInIndex = 0; path = Country.app; sourceTree = BUILT_PRODUCTS_DIR; };
		C313BED82C3051CA00D83A51 /* CountryApp.swift */ = {isa = PBXFileReference; lastKnownFileType = sourcecode.swift; path = CountryApp.swift; sourceTree = "<group>"; };
		C313BEDA2C3051CA00D83A51 /* CountryView.swift */ = {isa = PBXFileReference; lastKnownFileType = sourcecode.swift; path = CountryView.swift; sourceTree = "<group>"; };
		C313BEDC2C3051CC00D83A51 /* Assets.xcassets */ = {isa = PBXFileReference; lastKnownFileType = folder.assetcatalog; path = Assets.xcassets; sourceTree = "<group>"; };
		C313BEDF2C3051CC00D83A51 /* Preview Assets.xcassets */ = {isa = PBXFileReference; lastKnownFileType = folder.assetcatalog; path = "Preview Assets.xcassets"; sourceTree = "<group>"; };
		C313BEEA2C3053D400D83A51 /* CountryViewStructs.swift */ = {isa = PBXFileReference; lastKnownFileType = sourcecode.swift; path = CountryViewStructs.swift; sourceTree = "<group>"; };
		C313BEEE2C305B5800D83A51 /* CountryDetailDataStructs.swift */ = {isa = PBXFileReference; lastKnownFileType = sourcecode.swift; path = CountryDetailDataStructs.swift; sourceTree = "<group>"; };
		C313BEF02C30603B00D83A51 /* CountryObservable.swift */ = {isa = PBXFileReference; lastKnownFileType = sourcecode.swift; path = CountryObservable.swift; sourceTree = "<group>"; };
		C313BEF22C30617400D83A51 /* ColorInfo.swift */ = {isa = PBXFileReference; lastKnownFileType = sourcecode.swift; path = ColorInfo.swift; sourceTree = "<group>"; };
		C313BEFE2C306AA400D83A51 /* WebInformation.swift */ = {isa = PBXFileReference; lastKnownFileType = sourcecode.swift; path = WebInformation.swift; sourceTree = "<group>"; };
		C31832432C306D8C0037F172 /* DeviceExtensions.swift */ = {isa = PBXFileReference; lastKnownFileType = sourcecode.swift; path = DeviceExtensions.swift; sourceTree = "<group>"; };
		C31832472C3083E50037F172 /* CountryDetail.swift */ = {isa = PBXFileReference; lastKnownFileType = sourcecode.swift; path = CountryDetail.swift; sourceTree = "<group>"; };
		C31832492C3098440037F172 /* CountryDetailSectionsData.swift */ = {isa = PBXFileReference; lastKnownFileType = sourcecode.swift; path = CountryDetailSectionsData.swift; sourceTree = "<group>"; };
		C318324B2C30A5330037F172 /* NumbersExtensions.swift */ = {isa = PBXFileReference; lastKnownFileType = sourcecode.swift; path = NumbersExtensions.swift; sourceTree = "<group>"; };
/* End PBXFileReference section */

/* Begin PBXFrameworksBuildPhase section */
		C313BED22C3051CA00D83A51 /* Frameworks */ = {
			isa = PBXFrameworksBuildPhase;
			buildActionMask = 2147483647;
			files = (
				C313BEF62C30632D00D83A51 /* SDWebImageSwiftUI in Frameworks */,
			);
			runOnlyForDeploymentPostprocessing = 0;
		};
/* End PBXFrameworksBuildPhase section */

/* Begin PBXGroup section */
		C313BECC2C3051CA00D83A51 = {
			isa = PBXGroup;
			children = (
				C313BED72C3051CA00D83A51 /* Country */,
				C313BED62C3051CA00D83A51 /* Products */,
			);
			sourceTree = "<group>";
		};
		C313BED62C3051CA00D83A51 /* Products */ = {
			isa = PBXGroup;
			children = (
				C313BED52C3051CA00D83A51 /* Country.app */,
			);
			name = Products;
			sourceTree = "<group>";
		};
		C313BED72C3051CA00D83A51 /* Country */ = {
			isa = PBXGroup;
			children = (
				C313BED82C3051CA00D83A51 /* CountryApp.swift */,
				C313BEFB2C30699700D83A51 /* GENERAL INFO */,
				C313BEE82C3053A000D83A51 /* COUNTRY VIEW */,
				C313BEEC2C305B3A00D83A51 /* COUNTRY DETAIL */,
				C313BEDC2C3051CC00D83A51 /* Assets.xcassets */,
				C313BEDE2C3051CC00D83A51 /* Preview Content */,
			);
			path = Country;
			sourceTree = "<group>";
		};
		C313BEDE2C3051CC00D83A51 /* Preview Content */ = {
			isa = PBXGroup;
			children = (
				C313BEDF2C3051CC00D83A51 /* Preview Assets.xcassets */,
			);
			path = "Preview Content";
			sourceTree = "<group>";
		};
		C313BEE82C3053A000D83A51 /* COUNTRY VIEW */ = {
			isa = PBXGroup;
			children = (
				C313BEDA2C3051CA00D83A51 /* CountryView.swift */,
				C313BEF02C30603B00D83A51 /* CountryObservable.swift */,
				C313BEE92C3053AF00D83A51 /* CountryDataStructs */,
			);
			path = "COUNTRY VIEW";
			sourceTree = "<group>";
		};
		C313BEE92C3053AF00D83A51 /* CountryDataStructs */ = {
			isa = PBXGroup;
			children = (
				C313BEEA2C3053D400D83A51 /* CountryViewStructs.swift */,
			);
			path = CountryDataStructs;
			sourceTree = "<group>";
		};
		C313BEEC2C305B3A00D83A51 /* COUNTRY DETAIL */ = {
			isa = PBXGroup;
			children = (
				C31832472C3083E50037F172 /* CountryDetail.swift */,
				C31832492C3098440037F172 /* CountryDetailSectionsData.swift */,
				C313BEED2C305B4300D83A51 /* CountryDetailDataStructs */,
			);
			path = "COUNTRY DETAIL";
			sourceTree = "<group>";
		};
		C313BEED2C305B4300D83A51 /* CountryDetailDataStructs */ = {
			isa = PBXGroup;
			children = (
				C313BEEE2C305B5800D83A51 /* CountryDetailDataStructs.swift */,
			);
			path = CountryDetailDataStructs;
			sourceTree = "<group>";
		};
		C313BEFB2C30699700D83A51 /* GENERAL INFO */ = {
			isa = PBXGroup;
			children = (
				C313BEF22C30617400D83A51 /* ColorInfo.swift */,
				C31832432C306D8C0037F172 /* DeviceExtensions.swift */,
				C313BEFE2C306AA400D83A51 /* WebInformation.swift */,
				C318324B2C30A5330037F172 /* NumbersExtensions.swift */,
			);
			path = "GENERAL INFO";
			sourceTree = "<group>";
		};
/* End PBXGroup section */

/* Begin PBXNativeTarget section */
		C313BED42C3051CA00D83A51 /* Country */ = {
			isa = PBXNativeTarget;
			buildConfigurationList = C313BEE32C3051CC00D83A51 /* Build configuration list for PBXNativeTarget "Country" */;
			buildPhases = (
				C313BED12C3051CA00D83A51 /* Sources */,
				C313BED22C3051CA00D83A51 /* Frameworks */,
				C313BED32C3051CA00D83A51 /* Resources */,
			);
			buildRules = (
			);
			dependencies = (
			);
			name = Country;
			packageProductDependencies = (
				C313BEF52C30632D00D83A51 /* SDWebImageSwiftUI */,
			);
			productName = Country;
			productReference = C313BED52C3051CA00D83A51 /* Country.app */;
			productType = "com.apple.product-type.application";
		};
/* End PBXNativeTarget section */

/* Begin PBXProject section */
		C313BECD2C3051CA00D83A51 /* Project object */ = {
			isa = PBXProject;
			attributes = {
				BuildIndependentTargetsInParallel = 1;
				LastSwiftUpdateCheck = 1540;
				LastUpgradeCheck = 1540;
				TargetAttributes = {
					C313BED42C3051CA00D83A51 = {
						CreatedOnToolsVersion = 15.4;
					};
				};
			};
			buildConfigurationList = C313BED02C3051CA00D83A51 /* Build configuration list for PBXProject "Country" */;
			compatibilityVersion = "Xcode 14.0";
			developmentRegion = en;
			hasScannedForEncodings = 0;
			knownRegions = (
				en,
				Base,
			);
			mainGroup = C313BECC2C3051CA00D83A51;
			packageReferences = (
				C313BEF42C30632D00D83A51 /* XCRemoteSwiftPackageReference "SDWebImageSwiftUI" */,
			);
			productRefGroup = C313BED62C3051CA00D83A51 /* Products */;
			projectDirPath = "";
			projectRoot = "";
			targets = (
				C313BED42C3051CA00D83A51 /* Country */,
			);
		};
/* End PBXProject section */

/* Begin PBXResourcesBuildPhase section */
		C313BED32C3051CA00D83A51 /* Resources */ = {
			isa = PBXResourcesBuildPhase;
			buildActionMask = 2147483647;
			files = (
				C313BEE02C3051CC00D83A51 /* Preview Assets.xcassets in Resources */,
				C313BEDD2C3051CC00D83A51 /* Assets.xcassets in Resources */,
			);
			runOnlyForDeploymentPostprocessing = 0;
		};
/* End PBXResourcesBuildPhase section */

/* Begin PBXSourcesBuildPhase section */
		C313BED12C3051CA00D83A51 /* Sources */ = {
			isa = PBXSourcesBuildPhase;
			buildActionMask = 2147483647;
			files = (
				C313BF002C306AD900D83A51 /* WebInformation.swift in Sources */,
				C313BEF32C30617400D83A51 /* ColorInfo.swift in Sources */,
				C313BEF12C30603B00D83A51 /* CountryObservable.swift in Sources */,
				C313BEDB2C3051CA00D83A51 /* CountryView.swift in Sources */,
				C318324C2C30A5330037F172 /* NumbersExtensions.swift in Sources */,
				C31832482C3083E50037F172 /* CountryDetail.swift in Sources */,
				C313BED92C3051CA00D83A51 /* CountryApp.swift in Sources */,
				C31832442C306D8C0037F172 /* DeviceExtensions.swift in Sources */,
				C318324A2C3098440037F172 /* CountryDetailSectionsData.swift in Sources */,
				C313BEEF2C305B5800D83A51 /* CountryDetailDataStructs.swift in Sources */,
				C313BEEB2C3053D400D83A51 /* CountryViewStructs.swift in Sources */,
			);
			runOnlyForDeploymentPostprocessing = 0;
		};
/* End PBXSourcesBuildPhase section */

/* Begin XCBuildConfiguration section */
		C313BEE12C3051CC00D83A51 /* Debug */ = {
			isa = XCBuildConfiguration;
			buildSettings = {
				ALWAYS_SEARCH_USER_PATHS = NO;
				ASSETCATALOG_COMPILER_GENERATE_SWIFT_ASSET_SYMBOL_EXTENSIONS = YES;
				CLANG_ANALYZER_NONNULL = YES;
				CLANG_ANALYZER_NUMBER_OBJECT_CONVERSION = YES_AGGRESSIVE;
				CLANG_CXX_LANGUAGE_STANDARD = "gnu++20";
				CLANG_ENABLE_MODULES = YES;
				CLANG_ENABLE_OBJC_ARC = YES;
				CLANG_ENABLE_OBJC_WEAK = YES;
				CLANG_WARN_BLOCK_CAPTURE_AUTORELEASING = YES;
				CLANG_WARN_BOOL_CONVERSION = YES;
				CLANG_WARN_COMMA = YES;
				CLANG_WARN_CONSTANT_CONVERSION = YES;
				CLANG_WARN_DEPRECATED_OBJC_IMPLEMENTATIONS = YES;
				CLANG_WARN_DIRECT_OBJC_ISA_USAGE = YES_ERROR;
				CLANG_WARN_DOCUMENTATION_COMMENTS = YES;
				CLANG_WARN_EMPTY_BODY = YES;
				CLANG_WARN_ENUM_CONVERSION = YES;
				CLANG_WARN_INFINITE_RECURSION = YES;
				CLANG_WARN_INT_CONVERSION = YES;
				CLANG_WARN_NON_LITERAL_NULL_CONVERSION = YES;
				CLANG_WARN_OBJC_IMPLICIT_RETAIN_SELF = YES;
				CLANG_WARN_OBJC_LITERAL_CONVERSION = YES;
				CLANG_WARN_OBJC_ROOT_CLASS = YES_ERROR;
				CLANG_WARN_QUOTED_INCLUDE_IN_FRAMEWORK_HEADER = YES;
				CLANG_WARN_RANGE_LOOP_ANALYSIS = YES;
				CLANG_WARN_STRICT_PROTOTYPES = YES;
				CLANG_WARN_SUSPICIOUS_MOVE = YES;
				CLANG_WARN_UNGUARDED_AVAILABILITY = YES_AGGRESSIVE;
				CLANG_WARN_UNREACHABLE_CODE = YES;
				CLANG_WARN__DUPLICATE_METHOD_MATCH = YES;
				COPY_PHASE_STRIP = NO;
				DEBUG_INFORMATION_FORMAT = dwarf;
				ENABLE_STRICT_OBJC_MSGSEND = YES;
				ENABLE_TESTABILITY = YES;
				ENABLE_USER_SCRIPT_SANDBOXING = YES;
				GCC_C_LANGUAGE_STANDARD = gnu17;
				GCC_DYNAMIC_NO_PIC = NO;
				GCC_NO_COMMON_BLOCKS = YES;
				GCC_OPTIMIZATION_LEVEL = 0;
				GCC_PREPROCESSOR_DEFINITIONS = (
					"DEBUG=1",
					"$(inherited)",
				);
				GCC_WARN_64_TO_32_BIT_CONVERSION = YES;
				GCC_WARN_ABOUT_RETURN_TYPE = YES_ERROR;
				GCC_WARN_UNDECLARED_SELECTOR = YES;
				GCC_WARN_UNINITIALIZED_AUTOS = YES_AGGRESSIVE;
				GCC_WARN_UNUSED_FUNCTION = YES;
				GCC_WARN_UNUSED_VARIABLE = YES;
				IPHONEOS_DEPLOYMENT_TARGET = 17.5;
				LOCALIZATION_PREFERS_STRING_CATALOGS = YES;
				MTL_ENABLE_DEBUG_INFO = INCLUDE_SOURCE;
				MTL_FAST_MATH = YES;
				ONLY_ACTIVE_ARCH = YES;
				SDKROOT = iphoneos;
				SWIFT_ACTIVE_COMPILATION_CONDITIONS = "DEBUG $(inherited)";
				SWIFT_OPTIMIZATION_LEVEL = "-Onone";
			};
			name = Debug;
		};
		C313BEE22C3051CC00D83A51 /* Release */ = {
			isa = XCBuildConfiguration;
			buildSettings = {
				ALWAYS_SEARCH_USER_PATHS = NO;
				ASSETCATALOG_COMPILER_GENERATE_SWIFT_ASSET_SYMBOL_EXTENSIONS = YES;
				CLANG_ANALYZER_NONNULL = YES;
				CLANG_ANALYZER_NUMBER_OBJECT_CONVERSION = YES_AGGRESSIVE;
				CLANG_CXX_LANGUAGE_STANDARD = "gnu++20";
				CLANG_ENABLE_MODULES = YES;
				CLANG_ENABLE_OBJC_ARC = YES;
				CLANG_ENABLE_OBJC_WEAK = YES;
				CLANG_WARN_BLOCK_CAPTURE_AUTORELEASING = YES;
				CLANG_WARN_BOOL_CONVERSION = YES;
				CLANG_WARN_COMMA = YES;
				CLANG_WARN_CONSTANT_CONVERSION = YES;
				CLANG_WARN_DEPRECATED_OBJC_IMPLEMENTATIONS = YES;
				CLANG_WARN_DIRECT_OBJC_ISA_USAGE = YES_ERROR;
				CLANG_WARN_DOCUMENTATION_COMMENTS = YES;
				CLANG_WARN_EMPTY_BODY = YES;
				CLANG_WARN_ENUM_CONVERSION = YES;
				CLANG_WARN_INFINITE_RECURSION = YES;
				CLANG_WARN_INT_CONVERSION = YES;
				CLANG_WARN_NON_LITERAL_NULL_CONVERSION = YES;
				CLANG_WARN_OBJC_IMPLICIT_RETAIN_SELF = YES;
				CLANG_WARN_OBJC_LITERAL_CONVERSION = YES;
				CLANG_WARN_OBJC_ROOT_CLASS = YES_ERROR;
				CLANG_WARN_QUOTED_INCLUDE_IN_FRAMEWORK_HEADER = YES;
				CLANG_WARN_RANGE_LOOP_ANALYSIS = YES;
				CLANG_WARN_STRICT_PROTOTYPES = YES;
				CLANG_WARN_SUSPICIOUS_MOVE = YES;
				CLANG_WARN_UNGUARDED_AVAILABILITY = YES_AGGRESSIVE;
				CLANG_WARN_UNREACHABLE_CODE = YES;
				CLANG_WARN__DUPLICATE_METHOD_MATCH = YES;
				COPY_PHASE_STRIP = NO;
				DEBUG_INFORMATION_FORMAT = "dwarf-with-dsym";
				ENABLE_NS_ASSERTIONS = NO;
				ENABLE_STRICT_OBJC_MSGSEND = YES;
				ENABLE_USER_SCRIPT_SANDBOXING = YES;
				GCC_C_LANGUAGE_STANDARD = gnu17;
				GCC_NO_COMMON_BLOCKS = YES;
				GCC_WARN_64_TO_32_BIT_CONVERSION = YES;
				GCC_WARN_ABOUT_RETURN_TYPE = YES_ERROR;
				GCC_WARN_UNDECLARED_SELECTOR = YES;
				GCC_WARN_UNINITIALIZED_AUTOS = YES_AGGRESSIVE;
				GCC_WARN_UNUSED_FUNCTION = YES;
				GCC_WARN_UNUSED_VARIABLE = YES;
				IPHONEOS_DEPLOYMENT_TARGET = 17.5;
				LOCALIZATION_PREFERS_STRING_CATALOGS = YES;
				MTL_ENABLE_DEBUG_INFO = NO;
				MTL_FAST_MATH = YES;
				SDKROOT = iphoneos;
				SWIFT_COMPILATION_MODE = wholemodule;
				VALIDATE_PRODUCT = YES;
			};
			name = Release;
		};
		C313BEE42C3051CC00D83A51 /* Debug */ = {
			isa = XCBuildConfiguration;
			buildSettings = {
				ASSETCATALOG_COMPILER_APPICON_NAME = AppIcon;
				ASSETCATALOG_COMPILER_GLOBAL_ACCENT_COLOR_NAME = AccentColor;
				CODE_SIGN_STYLE = Automatic;
				CURRENT_PROJECT_VERSION = 1;
				DEVELOPMENT_ASSET_PATHS = "\"Country/Preview Content\"";
				DEVELOPMENT_TEAM = XK37EC29RU;
				ENABLE_PREVIEWS = YES;
				GENERATE_INFOPLIST_FILE = YES;
				INFOPLIST_KEY_UIApplicationSceneManifest_Generation = YES;
				INFOPLIST_KEY_UIApplicationSupportsIndirectInputEvents = YES;
				INFOPLIST_KEY_UILaunchScreen_Generation = YES;
				INFOPLIST_KEY_UISupportedInterfaceOrientations_iPad = "UIInterfaceOrientationPortrait UIInterfaceOrientationPortraitUpsideDown UIInterfaceOrientationLandscapeLeft UIInterfaceOrientationLandscapeRight";
				INFOPLIST_KEY_UISupportedInterfaceOrientations_iPhone = "UIInterfaceOrientationPortrait UIInterfaceOrientationLandscapeLeft UIInterfaceOrientationLandscapeRight";
				IPHONEOS_DEPLOYMENT_TARGET = 17.0;
				LD_RUNPATH_SEARCH_PATHS = (
					"$(inherited)",
					"@executable_path/Frameworks",
				);
				MARKETING_VERSION = 1.0;
				PRODUCT_BUNDLE_IDENTIFIER = CARLOS.Country;
				PRODUCT_NAME = "$(TARGET_NAME)";
				SWIFT_EMIT_LOC_STRINGS = YES;
				SWIFT_VERSION = 5.0;
				TARGETED_DEVICE_FAMILY = "1,2";
			};
			name = Debug;
		};
		C313BEE52C3051CC00D83A51 /* Release */ = {
			isa = XCBuildConfiguration;
			buildSettings = {
				ASSETCATALOG_COMPILER_APPICON_NAME = AppIcon;
				ASSETCATALOG_COMPILER_GLOBAL_ACCENT_COLOR_NAME = AccentColor;
				CODE_SIGN_STYLE = Automatic;
				CURRENT_PROJECT_VERSION = 1;
				DEVELOPMENT_ASSET_PATHS = "\"Country/Preview Content\"";
				DEVELOPMENT_TEAM = XK37EC29RU;
				ENABLE_PREVIEWS = YES;
				GENERATE_INFOPLIST_FILE = YES;
				INFOPLIST_KEY_UIApplicationSceneManifest_Generation = YES;
				INFOPLIST_KEY_UIApplicationSupportsIndirectInputEvents = YES;
				INFOPLIST_KEY_UILaunchScreen_Generation = YES;
				INFOPLIST_KEY_UISupportedInterfaceOrientations_iPad = "UIInterfaceOrientationPortrait UIInterfaceOrientationPortraitUpsideDown UIInterfaceOrientationLandscapeLeft UIInterfaceOrientationLandscapeRight";
				INFOPLIST_KEY_UISupportedInterfaceOrientations_iPhone = "UIInterfaceOrientationPortrait UIInterfaceOrientationLandscapeLeft UIInterfaceOrientationLandscapeRight";
				IPHONEOS_DEPLOYMENT_TARGET = 17.0;
				LD_RUNPATH_SEARCH_PATHS = (
					"$(inherited)",
					"@executable_path/Frameworks",
				);
				MARKETING_VERSION = 1.0;
				PRODUCT_BUNDLE_IDENTIFIER = CARLOS.Country;
				PRODUCT_NAME = "$(TARGET_NAME)";
				SWIFT_EMIT_LOC_STRINGS = YES;
				SWIFT_VERSION = 5.0;
				TARGETED_DEVICE_FAMILY = "1,2";
			};
			name = Release;
		};
/* End XCBuildConfiguration section */

/* Begin XCConfigurationList section */
		C313BED02C3051CA00D83A51 /* Build configuration list for PBXProject "Country" */ = {
			isa = XCConfigurationList;
			buildConfigurations = (
				C313BEE12C3051CC00D83A51 /* Debug */,
				C313BEE22C3051CC00D83A51 /* Release */,
			);
			defaultConfigurationIsVisible = 0;
			defaultConfigurationName = Release;
		};
		C313BEE32C3051CC00D83A51 /* Build configuration list for PBXNativeTarget "Country" */ = {
			isa = XCConfigurationList;
			buildConfigurations = (
				C313BEE42C3051CC00D83A51 /* Debug */,
				C313BEE52C3051CC00D83A51 /* Release */,
			);
			defaultConfigurationIsVisible = 0;
			defaultConfigurationName = Release;
		};
/* End XCConfigurationList section */

/* Begin XCRemoteSwiftPackageReference section */
		C313BEF42C30632D00D83A51 /* XCRemoteSwiftPackageReference "SDWebImageSwiftUI" */ = {
			isa = XCRemoteSwiftPackageReference;
			repositoryURL = "https://github.com/SDWebImage/SDWebImageSwiftUI.git";
			requirement = {
				kind = upToNextMajorVersion;
				minimumVersion = 3.1.0;
			};
		};
/* End XCRemoteSwiftPackageReference section */

/* Begin XCSwiftPackageProductDependency section */
		C313BEF52C30632D00D83A51 /* SDWebImageSwiftUI */ = {
			isa = XCSwiftPackageProductDependency;
			package = C313BEF42C30632D00D83A51 /* XCRemoteSwiftPackageReference "SDWebImageSwiftUI" */;
			productName = SDWebImageSwiftUI;
		};
/* End XCSwiftPackageProductDependency section */
	};
	rootObject = C313BECD2C3051CA00D83A51 /* Project object */;
}
